
Microsoft Visual Studio Solution File, Format Version 12.00
# Visual Studio Version 17
VisualStudioVersion = 17.8.34525.116
MinimumVisualStudioVersion = 10.0.40219.1
Project("{FAE04EC0-301F-11D3-BF4B-00C04F79EFBC}") = "lab2", "lab2\lab2.csproj", "{268A878E-6F58-49D7-902A-2CD04040B17A}"
EndProject
Global
	GlobalSection(SolutionConfigurationPlatforms) = preSolution
		Debug|Any CPU = Debug|Any CPU
		Release|Any CPU = Release|Any CPU
	EndGlobalSection
	GlobalSection(ProjectConfigurationPlatforms) = postSolution
		{268A878E-6F58-49D7-902A-2CD04040B17A}.Debug|Any CPU.ActiveCfg = Debug|Any CPU
		{268A878E-6F58-49D7-902A-2CD04040B17A}.Debug|Any CPU.Build.0 = Debug|Any CPU
		{268A878E-6F58-49D7-902A-2CD04040B17A}.Release|Any CPU.ActiveCfg = Release|Any CPU
		{268A878E-6F58-49D7-902A-2CD04040B17A}.Release|Any CPU.Build.0 = Release|Any CPU
	EndGlobalSection
	GlobalSection(SolutionProperties) = preSolution
		HideSolutionNode = FALSE
	EndGlobalSection
	GlobalSection(ExtensibilityGlobals) = postSolution
		SolutionGuid = {29848077-ABBD-426A-8C6B-F3C6A6A6E163}
	EndGlobalSection
EndGlobal
