
Microsoft Visual Studio Solution File, Format Version 12.00
# Visual Studio Version 17
VisualStudioVersion = 17.8.34525.116
MinimumVisualStudioVersion = 10.0.40219.1
Project("{FAE04EC0-301F-11D3-BF4B-00C04F79EFBC}") = "4lab", "4lab\4lab.csproj", "{F2E3CE06-58C3-46A0-BF20-99805777CF17}"
EndProject
Global
	GlobalSection(SolutionConfigurationPlatforms) = preSolution
		Debug|Any CPU = Debug|Any CPU
		Release|Any CPU = Release|Any CPU
	EndGlobalSection
	GlobalSection(ProjectConfigurationPlatforms) = postSolution
		{F2E3CE06-58C3-46A0-BF20-99805777CF17}.Debug|Any CPU.ActiveCfg = Debug|Any CPU
		{F2E3CE06-58C3-46A0-BF20-99805777CF17}.Debug|Any CPU.Build.0 = Debug|Any CPU
		{F2E3CE06-58C3-46A0-BF20-99805777CF17}.Release|Any CPU.ActiveCfg = Release|Any CPU
		{F2E3CE06-58C3-46A0-BF20-99805777CF17}.Release|Any CPU.Build.0 = Release|Any CPU
	EndGlobalSection
	GlobalSection(SolutionProperties) = preSolution
		HideSolutionNode = FALSE
	EndGlobalSection
	GlobalSection(ExtensibilityGlobals) = postSolution
		SolutionGuid = {CC623441-234A-4775-835C-BBEBC56C2C32}
	EndGlobalSection
EndGlobal
